
Microsoft Visual Studio Solution File, Format Version 12.00
# Visual Studio Version 16
VisualStudioVersion = 16.0.30907.101
MinimumVisualStudioVersion = 10.0.40219.1
Project("{FAE04EC0-301F-11D3-BF4B-00C04F79EFBC}") = "DapperExemplo", "DapperExemplo\DapperExemplo.csproj", "{8153D422-6D7D-4E17-93EC-488E2F0462B5}"
EndProject
Global
	GlobalSection(SolutionConfigurationPlatforms) = preSolution
		Debug|Any CPU = Debug|Any CPU
		Release|Any CPU = Release|Any CPU
	EndGlobalSection
	GlobalSection(ProjectConfigurationPlatforms) = postSolution
		{8153D422-6D7D-4E17-93EC-488E2F0462B5}.Debug|Any CPU.ActiveCfg = Debug|Any CPU
		{8153D422-6D7D-4E17-93EC-488E2F0462B5}.Debug|Any CPU.Build.0 = Debug|Any CPU
		{8153D422-6D7D-4E17-93EC-488E2F0462B5}.Release|Any CPU.ActiveCfg = Release|Any CPU
		{8153D422-6D7D-4E17-93EC-488E2F0462B5}.Release|Any CPU.Build.0 = Release|Any CPU
	EndGlobalSection
	GlobalSection(SolutionProperties) = preSolution
		HideSolutionNode = FALSE
	EndGlobalSection
	GlobalSection(ExtensibilityGlobals) = postSolution
		SolutionGuid = {100A90E1-C708-47FA-8043-06E449D14AA7}
	EndGlobalSection
EndGlobal
